
Microsoft Visual Studio Solution File, Format Version 12.00
# Visual Studio Version 17
VisualStudioVersion = 17.11.35222.181
MinimumVisualStudioVersion = 10.0.40219.1
Project("{9A19103F-16F7-4668-BE54-9A1E7A4F7556}") = "draw", "draw.csproj", "{F08164BC-2D26-4FFB-955A-98A1D19EFD62}"
EndProject
Global
	GlobalSection(SolutionConfigurationPlatforms) = preSolution
		Debug|ARM64 = Debug|ARM64
		Debug|x64 = Debug|x64
		Debug|x86 = Debug|x86
		Release|ARM64 = Release|ARM64
		Release|x64 = Release|x64
		Release|x86 = Release|x86
	EndGlobalSection
	GlobalSection(ProjectConfigurationPlatforms) = postSolution
		{F08164BC-2D26-4FFB-955A-98A1D19EFD62}.Debug|ARM64.ActiveCfg = Debug|ARM64
		{F08164BC-2D26-4FFB-955A-98A1D19EFD62}.Debug|ARM64.Build.0 = Debug|ARM64
		{F08164BC-2D26-4FFB-955A-98A1D19EFD62}.Debug|ARM64.Deploy.0 = Debug|ARM64
		{F08164BC-2D26-4FFB-955A-98A1D19EFD62}.Debug|x64.ActiveCfg = Debug|x64
		{F08164BC-2D26-4FFB-955A-98A1D19EFD62}.Debug|x64.Build.0 = Debug|x64
		{F08164BC-2D26-4FFB-955A-98A1D19EFD62}.Debug|x64.Deploy.0 = Debug|x64
		{F08164BC-2D26-4FFB-955A-98A1D19EFD62}.Debug|x86.ActiveCfg = Debug|x86
		{F08164BC-2D26-4FFB-955A-98A1D19EFD62}.Debug|x86.Build.0 = Debug|x86
		{F08164BC-2D26-4FFB-955A-98A1D19EFD62}.Debug|x86.Deploy.0 = Debug|x86
		{F08164BC-2D26-4FFB-955A-98A1D19EFD62}.Release|ARM64.ActiveCfg = Release|ARM64
		{F08164BC-2D26-4FFB-955A-98A1D19EFD62}.Release|ARM64.Build.0 = Release|ARM64
		{F08164BC-2D26-4FFB-955A-98A1D19EFD62}.Release|ARM64.Deploy.0 = Release|ARM64
		{F08164BC-2D26-4FFB-955A-98A1D19EFD62}.Release|x64.ActiveCfg = Release|x64
		{F08164BC-2D26-4FFB-955A-98A1D19EFD62}.Release|x64.Build.0 = Release|x64
		{F08164BC-2D26-4FFB-955A-98A1D19EFD62}.Release|x64.Deploy.0 = Release|x64
		{F08164BC-2D26-4FFB-955A-98A1D19EFD62}.Release|x86.ActiveCfg = Release|x86
		{F08164BC-2D26-4FFB-955A-98A1D19EFD62}.Release|x86.Build.0 = Release|x86
		{F08164BC-2D26-4FFB-955A-98A1D19EFD62}.Release|x86.Deploy.0 = Release|x86
	EndGlobalSection
	GlobalSection(SolutionProperties) = preSolution
		HideSolutionNode = FALSE
	EndGlobalSection
	GlobalSection(ExtensibilityGlobals) = postSolution
		SolutionGuid = {2FF3BD85-E6C5-4B1B-9325-8FD5066F1359}
	EndGlobalSection
EndGlobal
